// !$*UTF8*$!
{
	archiveVersion = 1;
	classes = {
	};
	objectVersion = 46;
	objects = {

/* Begin PBXBuildFile section */
		1EFBC85BC16D4390E8242EC4 /* Pods_BullShitTests.framework in Frameworks */ = {isa = PBXBuildFile; fileRef = 48483BF78BD65E0FDACDF743 /* Pods_BullShitTests.framework */; };
		34FBFE5D7A634DB2A9C3A17A /* Pods_BullShit.framework in Frameworks */ = {isa = PBXBuildFile; fileRef = 94A72F7A912E981A3D9A75BA /* Pods_BullShit.framework */; };
		8665ADE11F0F2D8100611B66 /* AppDelegate.swift in Sources */ = {isa = PBXBuildFile; fileRef = 8665ADE01F0F2D8100611B66 /* AppDelegate.swift */; };
		8665ADE31F0F2D8100611B66 /* TestViewController.swift in Sources */ = {isa = PBXBuildFile; fileRef = 8665ADE21F0F2D8100611B66 /* TestViewController.swift */; };
		8665ADE61F0F2D8200611B66 /* Main.storyboard in Resources */ = {isa = PBXBuildFile; fileRef = 8665ADE41F0F2D8100611B66 /* Main.storyboard */; };
		8665ADE81F0F2D8200611B66 /* Assets.xcassets in Resources */ = {isa = PBXBuildFile; fileRef = 8665ADE71F0F2D8200611B66 /* Assets.xcassets */; };
		8665ADEB1F0F2D8200611B66 /* LaunchScreen.storyboard in Resources */ = {isa = PBXBuildFile; fileRef = 8665ADE91F0F2D8200611B66 /* LaunchScreen.storyboard */; };
		8665ADF61F0F2D8200611B66 /* BullShitTests.swift in Sources */ = {isa = PBXBuildFile; fileRef = 8665ADF51F0F2D8200611B66 /* BullShitTests.swift */; };
		8665AE011F0F2D8200611B66 /* BullShitUITests.swift in Sources */ = {isa = PBXBuildFile; fileRef = 8665AE001F0F2D8200611B66 /* BullShitUITests.swift */; };
		8688B3741F0F44A000568B4F /* Info.plist in Resources */ = {isa = PBXBuildFile; fileRef = 8688B36F1F0F44A000568B4F /* Info.plist */; };
		8688B3751F0F44A000568B4F /* Referenceable.swift in Sources */ = {isa = PBXBuildFile; fileRef = 8688B3701F0F44A000568B4F /* Referenceable.swift */; };
		8688B3761F0F44A000568B4F /* Salada.swift in Sources */ = {isa = PBXBuildFile; fileRef = 8688B3711F0F44A000568B4F /* Salada.swift */; };
		8688B3771F0F44A000568B4F /* Salada+Datasource.swift in Sources */ = {isa = PBXBuildFile; fileRef = 8688B3721F0F44A000568B4F /* Salada+Datasource.swift */; };
		8688B3781F0F44A000568B4F /* Salada+Relation.swift in Sources */ = {isa = PBXBuildFile; fileRef = 8688B3731F0F44A000568B4F /* Salada+Relation.swift */; };
		8688B37A1F0F4B5800568B4F /* GoogleService-Info.plist in Resources */ = {isa = PBXBuildFile; fileRef = 8688B3791F0F4B5800568B4F /* GoogleService-Info.plist */; };
		DC1F9E8070A3C6D2C62B27B8 /* Pods_BullShitUITests.framework in Frameworks */ = {isa = PBXBuildFile; fileRef = C2EF132881059267C10CA310 /* Pods_BullShitUITests.framework */; };
		F4899B1E1F3565FE004414B6 /* LoginSignUpViewController.swift in Sources */ = {isa = PBXBuildFile; fileRef = F4899B1D1F3565FE004414B6 /* LoginSignUpViewController.swift */; };
		F4899B221F35661B004414B6 /* AMInputView.swift in Sources */ = {isa = PBXBuildFile; fileRef = F4899B201F35661B004414B6 /* AMInputView.swift */; };
		F4899B231F35661B004414B6 /* AMInputView.xib in Resources */ = {isa = PBXBuildFile; fileRef = F4899B211F35661B004414B6 /* AMInputView.xib */; };
		F4899B251F356674004414B6 /* Images.xcassets in Resources */ = {isa = PBXBuildFile; fileRef = F4899B241F356674004414B6 /* Images.xcassets */; };
		F4CA28391F39FCBD00ED6858 /* User.swift in Sources */ = {isa = PBXBuildFile; fileRef = F4CA28331F39FCBD00ED6858 /* User.swift */; };
		F4CA283A1F39FCBD00ED6858 /* Room.swift in Sources */ = {isa = PBXBuildFile; fileRef = F4CA28341F39FCBD00ED6858 /* Room.swift */; };
		F4CA283B1F39FCBD00ED6858 /* GobalFile.swift in Sources */ = {isa = PBXBuildFile; fileRef = F4CA28351F39FCBD00ED6858 /* GobalFile.swift */; };
		F4CA283C1F39FCBD00ED6858 /* Item.swift in Sources */ = {isa = PBXBuildFile; fileRef = F4CA28361F39FCBD00ED6858 /* Item.swift */; };
		F4CA283D1F39FCBD00ED6858 /* Video.swift in Sources */ = {isa = PBXBuildFile; fileRef = F4CA28371F39FCBD00ED6858 /* Video.swift */; };
		F4CA283E1F39FCBD00ED6858 /* Comment.swift in Sources */ = {isa = PBXBuildFile; fileRef = F4CA28381F39FCBD00ED6858 /* Comment.swift */; };
		F4CA28411F39FCED00ED6858 /* ResetPasswordViewController.swift in Sources */ = {isa = PBXBuildFile; fileRef = F4CA283F1F39FCED00ED6858 /* ResetPasswordViewController.swift */; };
		F4CA28421F39FCED00ED6858 /* SignUpNextNameViewController.swift in Sources */ = {isa = PBXBuildFile; fileRef = F4CA28401F39FCED00ED6858 /* SignUpNextNameViewController.swift */; };
		F4CD59121F17A78500B1B562 /* test.swift in Sources */ = {isa = PBXBuildFile; fileRef = F4CD59111F17A78500B1B562 /* test.swift */; };
/* End PBXBuildFile section */

/* Begin PBXContainerItemProxy section */
		8665ADF21F0F2D8200611B66 /* PBXContainerItemProxy */ = {
			isa = PBXContainerItemProxy;
			containerPortal = 8665ADD51F0F2D8100611B66 /* Project object */;
			proxyType = 1;
			remoteGlobalIDString = 8665ADDC1F0F2D8100611B66;
			remoteInfo = BullShit;
		};
		8665ADFD1F0F2D8200611B66 /* PBXContainerItemProxy */ = {
			isa = PBXContainerItemProxy;
			containerPortal = 8665ADD51F0F2D8100611B66 /* Project object */;
			proxyType = 1;
			remoteGlobalIDString = 8665ADDC1F0F2D8100611B66;
			remoteInfo = BullShit;
		};
/* End PBXContainerItemProxy section */

/* Begin PBXFileReference section */
		09F88446782D23E03122692A /* Pods-BullShitTests.debug.xcconfig */ = {isa = PBXFileReference; includeInIndex = 1; lastKnownFileType = text.xcconfig; name = "Pods-BullShitTests.debug.xcconfig"; path = "Pods/Target Support Files/Pods-BullShitTests/Pods-BullShitTests.debug.xcconfig"; sourceTree = "<group>"; };
		48483BF78BD65E0FDACDF743 /* Pods_BullShitTests.framework */ = {isa = PBXFileReference; explicitFileType = wrapper.framework; includeInIndex = 0; path = Pods_BullShitTests.framework; sourceTree = BUILT_PRODUCTS_DIR; };
		5F04E59C6625441084CCDBB7 /* Pods-BullShit.release.xcconfig */ = {isa = PBXFileReference; includeInIndex = 1; lastKnownFileType = text.xcconfig; name = "Pods-BullShit.release.xcconfig"; path = "Pods/Target Support Files/Pods-BullShit/Pods-BullShit.release.xcconfig"; sourceTree = "<group>"; };
		8665ADDD1F0F2D8100611B66 /* BullShit.app */ = {isa = PBXFileReference; explicitFileType = wrapper.application; includeInIndex = 0; path = BullShit.app; sourceTree = BUILT_PRODUCTS_DIR; };
		8665ADE01F0F2D8100611B66 /* AppDelegate.swift */ = {isa = PBXFileReference; lastKnownFileType = sourcecode.swift; path = AppDelegate.swift; sourceTree = "<group>"; };
		8665ADE21F0F2D8100611B66 /* TestViewController.swift */ = {isa = PBXFileReference; lastKnownFileType = sourcecode.swift; path = TestViewController.swift; sourceTree = "<group>"; };
		8665ADE51F0F2D8100611B66 /* Base */ = {isa = PBXFileReference; lastKnownFileType = file.storyboard; name = Base; path = Base.lproj/Main.storyboard; sourceTree = "<group>"; };
		8665ADE71F0F2D8200611B66 /* Assets.xcassets */ = {isa = PBXFileReference; lastKnownFileType = folder.assetcatalog; path = Assets.xcassets; sourceTree = "<group>"; };
		8665ADEA1F0F2D8200611B66 /* Base */ = {isa = PBXFileReference; lastKnownFileType = file.storyboard; name = Base; path = Base.lproj/LaunchScreen.storyboard; sourceTree = "<group>"; };
		8665ADEC1F0F2D8200611B66 /* Info.plist */ = {isa = PBXFileReference; lastKnownFileType = text.plist.xml; path = Info.plist; sourceTree = "<group>"; };
		8665ADF11F0F2D8200611B66 /* BullShitTests.xctest */ = {isa = PBXFileReference; explicitFileType = wrapper.cfbundle; includeInIndex = 0; path = BullShitTests.xctest; sourceTree = BUILT_PRODUCTS_DIR; };
		8665ADF51F0F2D8200611B66 /* BullShitTests.swift */ = {isa = PBXFileReference; lastKnownFileType = sourcecode.swift; path = BullShitTests.swift; sourceTree = "<group>"; };
		8665ADF71F0F2D8200611B66 /* Info.plist */ = {isa = PBXFileReference; lastKnownFileType = text.plist.xml; path = Info.plist; sourceTree = "<group>"; };
		8665ADFC1F0F2D8200611B66 /* BullShitUITests.xctest */ = {isa = PBXFileReference; explicitFileType = wrapper.cfbundle; includeInIndex = 0; path = BullShitUITests.xctest; sourceTree = BUILT_PRODUCTS_DIR; };
		8665AE001F0F2D8200611B66 /* BullShitUITests.swift */ = {isa = PBXFileReference; lastKnownFileType = sourcecode.swift; path = BullShitUITests.swift; sourceTree = "<group>"; };
		8665AE021F0F2D8200611B66 /* Info.plist */ = {isa = PBXFileReference; lastKnownFileType = text.plist.xml; path = Info.plist; sourceTree = "<group>"; };
		8688B36F1F0F44A000568B4F /* Info.plist */ = {isa = PBXFileReference; fileEncoding = 4; lastKnownFileType = text.plist.xml; path = Info.plist; sourceTree = "<group>"; };
		8688B3701F0F44A000568B4F /* Referenceable.swift */ = {isa = PBXFileReference; fileEncoding = 4; lastKnownFileType = sourcecode.swift; path = Referenceable.swift; sourceTree = "<group>"; };
		8688B3711F0F44A000568B4F /* Salada.swift */ = {isa = PBXFileReference; fileEncoding = 4; lastKnownFileType = sourcecode.swift; path = Salada.swift; sourceTree = "<group>"; };
		8688B3721F0F44A000568B4F /* Salada+Datasource.swift */ = {isa = PBXFileReference; fileEncoding = 4; lastKnownFileType = sourcecode.swift; path = "Salada+Datasource.swift"; sourceTree = "<group>"; };
		8688B3731F0F44A000568B4F /* Salada+Relation.swift */ = {isa = PBXFileReference; fileEncoding = 4; lastKnownFileType = sourcecode.swift; path = "Salada+Relation.swift"; sourceTree = "<group>"; };
		8688B3791F0F4B5800568B4F /* GoogleService-Info.plist */ = {isa = PBXFileReference; fileEncoding = 4; lastKnownFileType = text.plist.xml; path = "GoogleService-Info.plist"; sourceTree = "<group>"; };
		94A72F7A912E981A3D9A75BA /* Pods_BullShit.framework */ = {isa = PBXFileReference; explicitFileType = wrapper.framework; includeInIndex = 0; path = Pods_BullShit.framework; sourceTree = BUILT_PRODUCTS_DIR; };
		AE515D3BFD29876BF1385C8B /* Pods-BullShit.debug.xcconfig */ = {isa = PBXFileReference; includeInIndex = 1; lastKnownFileType = text.xcconfig; name = "Pods-BullShit.debug.xcconfig"; path = "Pods/Target Support Files/Pods-BullShit/Pods-BullShit.debug.xcconfig"; sourceTree = "<group>"; };
		C2EF132881059267C10CA310 /* Pods_BullShitUITests.framework */ = {isa = PBXFileReference; explicitFileType = wrapper.framework; includeInIndex = 0; path = Pods_BullShitUITests.framework; sourceTree = BUILT_PRODUCTS_DIR; };
		C54F2D5091E2ABD8C785EB44 /* Pods-BullShitUITests.debug.xcconfig */ = {isa = PBXFileReference; includeInIndex = 1; lastKnownFileType = text.xcconfig; name = "Pods-BullShitUITests.debug.xcconfig"; path = "Pods/Target Support Files/Pods-BullShitUITests/Pods-BullShitUITests.debug.xcconfig"; sourceTree = "<group>"; };
		E23C03AB86674EC47769990B /* Pods-BullShitTests.release.xcconfig */ = {isa = PBXFileReference; includeInIndex = 1; lastKnownFileType = text.xcconfig; name = "Pods-BullShitTests.release.xcconfig"; path = "Pods/Target Support Files/Pods-BullShitTests/Pods-BullShitTests.release.xcconfig"; sourceTree = "<group>"; };
		F3768E669F2C6F9B0E188626 /* Pods-BullShitUITests.release.xcconfig */ = {isa = PBXFileReference; includeInIndex = 1; lastKnownFileType = text.xcconfig; name = "Pods-BullShitUITests.release.xcconfig"; path = "Pods/Target Support Files/Pods-BullShitUITests/Pods-BullShitUITests.release.xcconfig"; sourceTree = "<group>"; };
		F4899B1D1F3565FE004414B6 /* LoginSignUpViewController.swift */ = {isa = PBXFileReference; fileEncoding = 4; lastKnownFileType = sourcecode.swift; name = LoginSignUpViewController.swift; path = BullShit/LoginSignUpViewController.swift; sourceTree = "<group>"; };
		F4899B201F35661B004414B6 /* AMInputView.swift */ = {isa = PBXFileReference; fileEncoding = 4; lastKnownFileType = sourcecode.swift; path = AMInputView.swift; sourceTree = "<group>"; };
		F4899B211F35661B004414B6 /* AMInputView.xib */ = {isa = PBXFileReference; fileEncoding = 4; lastKnownFileType = file.xib; path = AMInputView.xib; sourceTree = "<group>"; };
		F4899B241F356674004414B6 /* Images.xcassets */ = {isa = PBXFileReference; lastKnownFileType = folder.assetcatalog; path = Images.xcassets; sourceTree = "<group>"; };
		F4CA28331F39FCBD00ED6858 /* User.swift */ = {isa = PBXFileReference; fileEncoding = 4; lastKnownFileType = sourcecode.swift; path = User.swift; sourceTree = "<group>"; };
		F4CA28341F39FCBD00ED6858 /* Room.swift */ = {isa = PBXFileReference; fileEncoding = 4; lastKnownFileType = sourcecode.swift; path = Room.swift; sourceTree = "<group>"; };
		F4CA28351F39FCBD00ED6858 /* GobalFile.swift */ = {isa = PBXFileReference; fileEncoding = 4; lastKnownFileType = sourcecode.swift; path = GobalFile.swift; sourceTree = "<group>"; };
		F4CA28361F39FCBD00ED6858 /* Item.swift */ = {isa = PBXFileReference; fileEncoding = 4; lastKnownFileType = sourcecode.swift; path = Item.swift; sourceTree = "<group>"; };
		F4CA28371F39FCBD00ED6858 /* Video.swift */ = {isa = PBXFileReference; fileEncoding = 4; lastKnownFileType = sourcecode.swift; path = Video.swift; sourceTree = "<group>"; };
		F4CA28381F39FCBD00ED6858 /* Comment.swift */ = {isa = PBXFileReference; fileEncoding = 4; lastKnownFileType = sourcecode.swift; path = Comment.swift; sourceTree = "<group>"; };
		F4CA283F1F39FCED00ED6858 /* ResetPasswordViewController.swift */ = {isa = PBXFileReference; fileEncoding = 4; lastKnownFileType = sourcecode.swift; path = ResetPasswordViewController.swift; sourceTree = "<group>"; };
		F4CA28401F39FCED00ED6858 /* SignUpNextNameViewController.swift */ = {isa = PBXFileReference; fileEncoding = 4; lastKnownFileType = sourcecode.swift; path = SignUpNextNameViewController.swift; sourceTree = "<group>"; };
		F4CD59111F17A78500B1B562 /* test.swift */ = {isa = PBXFileReference; fileEncoding = 4; lastKnownFileType = sourcecode.swift; path = test.swift; sourceTree = "<group>"; };
/* End PBXFileReference section */

/* Begin PBXFrameworksBuildPhase section */
		8665ADDA1F0F2D8100611B66 /* Frameworks */ = {
			isa = PBXFrameworksBuildPhase;
			buildActionMask = 2147483647;
			files = (
				34FBFE5D7A634DB2A9C3A17A /* Pods_BullShit.framework in Frameworks */,
			);
			runOnlyForDeploymentPostprocessing = 0;
		};
		8665ADEE1F0F2D8200611B66 /* Frameworks */ = {
			isa = PBXFrameworksBuildPhase;
			buildActionMask = 2147483647;
			files = (
				1EFBC85BC16D4390E8242EC4 /* Pods_BullShitTests.framework in Frameworks */,
			);
			runOnlyForDeploymentPostprocessing = 0;
		};
		8665ADF91F0F2D8200611B66 /* Frameworks */ = {
			isa = PBXFrameworksBuildPhase;
			buildActionMask = 2147483647;
			files = (
				DC1F9E8070A3C6D2C62B27B8 /* Pods_BullShitUITests.framework in Frameworks */,
			);
			runOnlyForDeploymentPostprocessing = 0;
		};
/* End PBXFrameworksBuildPhase section */

/* Begin PBXGroup section */
		5EC70E7F39B08631D6641861 /* Frameworks */ = {
			isa = PBXGroup;
			children = (
				94A72F7A912E981A3D9A75BA /* Pods_BullShit.framework */,
				48483BF78BD65E0FDACDF743 /* Pods_BullShitTests.framework */,
				C2EF132881059267C10CA310 /* Pods_BullShitUITests.framework */,
			);
			name = Frameworks;
			sourceTree = "<group>";
		};
		8665ADD41F0F2D8100611B66 = {
			isa = PBXGroup;
			children = (
				F4899B291F3566D2004414B6 /* Utils */,
				F4899B281F35669B004414B6 /* View */,
				F4899B271F35668A004414B6 /* ViewController */,
				8688B37B1F0F684500568B4F /* Model */,
				8688B36D1F0F448200568B4F /* frameworks */,
				8665ADDF1F0F2D8100611B66 /* BullShit */,
				8665ADF41F0F2D8200611B66 /* BullShitTests */,
				8665ADFF1F0F2D8200611B66 /* BullShitUITests */,
				8665ADDE1F0F2D8100611B66 /* Products */,
				FC9A9F37E1DC86C0540E402A /* Pods */,
				5EC70E7F39B08631D6641861 /* Frameworks */,
			);
			sourceTree = "<group>";
		};
		8665ADDE1F0F2D8100611B66 /* Products */ = {
			isa = PBXGroup;
			children = (
				8665ADDD1F0F2D8100611B66 /* BullShit.app */,
				8665ADF11F0F2D8200611B66 /* BullShitTests.xctest */,
				8665ADFC1F0F2D8200611B66 /* BullShitUITests.xctest */,
			);
			name = Products;
			sourceTree = "<group>";
		};
		8665ADDF1F0F2D8100611B66 /* BullShit */ = {
			isa = PBXGroup;
			children = (
				8665ADE01F0F2D8100611B66 /* AppDelegate.swift */,
				8665ADE21F0F2D8100611B66 /* TestViewController.swift */,
				8665ADE41F0F2D8100611B66 /* Main.storyboard */,
				8665ADE71F0F2D8200611B66 /* Assets.xcassets */,
				F4899B241F356674004414B6 /* Images.xcassets */,
				8665ADE91F0F2D8200611B66 /* LaunchScreen.storyboard */,
				8665ADEC1F0F2D8200611B66 /* Info.plist */,
				8688B3791F0F4B5800568B4F /* GoogleService-Info.plist */,
				F4CD59111F17A78500B1B562 /* test.swift */,
			);
			path = BullShit;
			sourceTree = "<group>";
		};
		8665ADF41F0F2D8200611B66 /* BullShitTests */ = {
			isa = PBXGroup;
			children = (
				8665ADF51F0F2D8200611B66 /* BullShitTests.swift */,
				8665ADF71F0F2D8200611B66 /* Info.plist */,
			);
			path = BullShitTests;
			sourceTree = "<group>";
		};
		8665ADFF1F0F2D8200611B66 /* BullShitUITests */ = {
			isa = PBXGroup;
			children = (
				8665AE001F0F2D8200611B66 /* BullShitUITests.swift */,
				8665AE021F0F2D8200611B66 /* Info.plist */,
			);
			path = BullShitUITests;
			sourceTree = "<group>";
		};
		8688B36D1F0F448200568B4F /* frameworks */ = {
			isa = PBXGroup;
			children = (
				8688B36E1F0F449200568B4F /* Salada */,
			);
			name = frameworks;
			sourceTree = "<group>";
		};
		8688B36E1F0F449200568B4F /* Salada */ = {
			isa = PBXGroup;
			children = (
				8688B36F1F0F44A000568B4F /* Info.plist */,
				8688B3701F0F44A000568B4F /* Referenceable.swift */,
				8688B3711F0F44A000568B4F /* Salada.swift */,
				8688B3721F0F44A000568B4F /* Salada+Datasource.swift */,
				8688B3731F0F44A000568B4F /* Salada+Relation.swift */,
			);
			name = Salada;
			sourceTree = "<group>";
		};
		8688B37B1F0F684500568B4F /* Model */ = {
			isa = PBXGroup;
			children = (
				F4CA28331F39FCBD00ED6858 /* User.swift */,
				F4CA28341F39FCBD00ED6858 /* Room.swift */,
				F4CA28351F39FCBD00ED6858 /* GobalFile.swift */,
				F4CA28361F39FCBD00ED6858 /* Item.swift */,
				F4CA28371F39FCBD00ED6858 /* Video.swift */,
				F4CA28381F39FCBD00ED6858 /* Comment.swift */,
			);
			name = Model;
			sourceTree = "<group>";
		};
		F4899B1F1F35660A004414B6 /* AMInputView */ = {
			isa = PBXGroup;
			children = (
				F4899B201F35661B004414B6 /* AMInputView.swift */,
				F4899B211F35661B004414B6 /* AMInputView.xib */,
			);
			name = AMInputView;
			sourceTree = "<group>";
		};
		F4899B271F35668A004414B6 /* ViewController */ = {
			isa = PBXGroup;
			children = (
				F4899B1D1F3565FE004414B6 /* LoginSignUpViewController.swift */,
				F4CA283F1F39FCED00ED6858 /* ResetPasswordViewController.swift */,
				F4CA28401F39FCED00ED6858 /* SignUpNextNameViewController.swift */,
			);
			name = ViewController;
			sourceTree = "<group>";
		};
		F4899B281F35669B004414B6 /* View */ = {
			isa = PBXGroup;
			children = (
				F4899B1F1F35660A004414B6 /* AMInputView */,
			);
			name = View;
			sourceTree = "<group>";
		};
		F4899B291F3566D2004414B6 /* Utils */ = {
			isa = PBXGroup;
			children = (
			);
			name = Utils;
			sourceTree = "<group>";
		};
		FC9A9F37E1DC86C0540E402A /* Pods */ = {
			isa = PBXGroup;
			children = (
				AE515D3BFD29876BF1385C8B /* Pods-BullShit.debug.xcconfig */,
				5F04E59C6625441084CCDBB7 /* Pods-BullShit.release.xcconfig */,
				09F88446782D23E03122692A /* Pods-BullShitTests.debug.xcconfig */,
				E23C03AB86674EC47769990B /* Pods-BullShitTests.release.xcconfig */,
				C54F2D5091E2ABD8C785EB44 /* Pods-BullShitUITests.debug.xcconfig */,
				F3768E669F2C6F9B0E188626 /* Pods-BullShitUITests.release.xcconfig */,
			);
			name = Pods;
			sourceTree = "<group>";
		};
/* End PBXGroup section */

/* Begin PBXNativeTarget section */
		8665ADDC1F0F2D8100611B66 /* BullShit */ = {
			isa = PBXNativeTarget;
			buildConfigurationList = 8665AE051F0F2D8200611B66 /* Build configuration list for PBXNativeTarget "BullShit" */;
			buildPhases = (
				E9CB3D7498CEE673DCF19360 /* [CP] Check Pods Manifest.lock */,
				8665ADD91F0F2D8100611B66 /* Sources */,
				8665ADDA1F0F2D8100611B66 /* Frameworks */,
				8665ADDB1F0F2D8100611B66 /* Resources */,
				622EAF54CBB6E9945D6B947B /* [CP] Embed Pods Frameworks */,
				85B31E4DD24345FEC8706D47 /* [CP] Copy Pods Resources */,
			);
			buildRules = (
			);
			dependencies = (
			);
			name = BullShit;
			productName = BullShit;
			productReference = 8665ADDD1F0F2D8100611B66 /* BullShit.app */;
			productType = "com.apple.product-type.application";
		};
		8665ADF01F0F2D8200611B66 /* BullShitTests */ = {
			isa = PBXNativeTarget;
			buildConfigurationList = 8665AE081F0F2D8200611B66 /* Build configuration list for PBXNativeTarget "BullShitTests" */;
			buildPhases = (
				6CD44321AE4CB8B8B0195E9C /* [CP] Check Pods Manifest.lock */,
				8665ADED1F0F2D8200611B66 /* Sources */,
				8665ADEE1F0F2D8200611B66 /* Frameworks */,
				8665ADEF1F0F2D8200611B66 /* Resources */,
				CFAEB3C0E9A8607DB072B761 /* [CP] Embed Pods Frameworks */,
				C50950448525F4977358DC3A /* [CP] Copy Pods Resources */,
			);
			buildRules = (
			);
			dependencies = (
				8665ADF31F0F2D8200611B66 /* PBXTargetDependency */,
			);
			name = BullShitTests;
			productName = BullShitTests;
			productReference = 8665ADF11F0F2D8200611B66 /* BullShitTests.xctest */;
			productType = "com.apple.product-type.bundle.unit-test";
		};
		8665ADFB1F0F2D8200611B66 /* BullShitUITests */ = {
			isa = PBXNativeTarget;
			buildConfigurationList = 8665AE0B1F0F2D8200611B66 /* Build configuration list for PBXNativeTarget "BullShitUITests" */;
			buildPhases = (
				70717CE82D501A578D237781 /* [CP] Check Pods Manifest.lock */,
				8665ADF81F0F2D8200611B66 /* Sources */,
				8665ADF91F0F2D8200611B66 /* Frameworks */,
				8665ADFA1F0F2D8200611B66 /* Resources */,
				08D80F9F96481A92E366F430 /* [CP] Embed Pods Frameworks */,
				8BBB21C0235A88114631E145 /* [CP] Copy Pods Resources */,
			);
			buildRules = (
			);
			dependencies = (
				8665ADFE1F0F2D8200611B66 /* PBXTargetDependency */,
			);
			name = BullShitUITests;
			productName = BullShitUITests;
			productReference = 8665ADFC1F0F2D8200611B66 /* BullShitUITests.xctest */;
			productType = "com.apple.product-type.bundle.ui-testing";
		};
/* End PBXNativeTarget section */

/* Begin PBXProject section */
		8665ADD51F0F2D8100611B66 /* Project object */ = {
			isa = PBXProject;
			attributes = {
				LastSwiftUpdateCheck = 0830;
				LastUpgradeCheck = 0830;
				ORGANIZATIONNAME = homeAir;
				TargetAttributes = {
					8665ADDC1F0F2D8100611B66 = {
						CreatedOnToolsVersion = 8.3.3;
						DevelopmentTeam = PH9N93JXP3;
						ProvisioningStyle = Automatic;
					};
					8665ADF01F0F2D8200611B66 = {
						CreatedOnToolsVersion = 8.3.3;
						DevelopmentTeam = PH9N93JXP3;
						ProvisioningStyle = Automatic;
						TestTargetID = 8665ADDC1F0F2D8100611B66;
					};
					8665ADFB1F0F2D8200611B66 = {
						CreatedOnToolsVersion = 8.3.3;
						DevelopmentTeam = PH9N93JXP3;
						ProvisioningStyle = Automatic;
						TestTargetID = 8665ADDC1F0F2D8100611B66;
					};
				};
			};
			buildConfigurationList = 8665ADD81F0F2D8100611B66 /* Build configuration list for PBXProject "BullShit" */;
			compatibilityVersion = "Xcode 3.2";
			developmentRegion = English;
			hasScannedForEncodings = 0;
			knownRegions = (
				en,
				Base,
			);
			mainGroup = 8665ADD41F0F2D8100611B66;
			productRefGroup = 8665ADDE1F0F2D8100611B66 /* Products */;
			projectDirPath = "";
			projectRoot = "";
			targets = (
				8665ADDC1F0F2D8100611B66 /* BullShit */,
				8665ADF01F0F2D8200611B66 /* BullShitTests */,
				8665ADFB1F0F2D8200611B66 /* BullShitUITests */,
			);
		};
/* End PBXProject section */

/* Begin PBXResourcesBuildPhase section */
		8665ADDB1F0F2D8100611B66 /* Resources */ = {
			isa = PBXResourcesBuildPhase;
			buildActionMask = 2147483647;
			files = (
				8688B3741F0F44A000568B4F /* Info.plist in Resources */,
				8665ADEB1F0F2D8200611B66 /* LaunchScreen.storyboard in Resources */,
				F4899B251F356674004414B6 /* Images.xcassets in Resources */,
				8688B37A1F0F4B5800568B4F /* GoogleService-Info.plist in Resources */,
				F4899B231F35661B004414B6 /* AMInputView.xib in Resources */,
				8665ADE81F0F2D8200611B66 /* Assets.xcassets in Resources */,
				8665ADE61F0F2D8200611B66 /* Main.storyboard in Resources */,
			);
			runOnlyForDeploymentPostprocessing = 0;
		};
		8665ADEF1F0F2D8200611B66 /* Resources */ = {
			isa = PBXResourcesBuildPhase;
			buildActionMask = 2147483647;
			files = (
			);
			runOnlyForDeploymentPostprocessing = 0;
		};
		8665ADFA1F0F2D8200611B66 /* Resources */ = {
			isa = PBXResourcesBuildPhase;
			buildActionMask = 2147483647;
			files = (
			);
			runOnlyForDeploymentPostprocessing = 0;
		};
/* End PBXResourcesBuildPhase section */

/* Begin PBXShellScriptBuildPhase section */
		08D80F9F96481A92E366F430 /* [CP] Embed Pods Frameworks */ = {
			isa = PBXShellScriptBuildPhase;
			buildActionMask = 2147483647;
			files = (
			);
			inputPaths = (
			);
			name = "[CP] Embed Pods Frameworks";
			outputPaths = (
			);
			runOnlyForDeploymentPostprocessing = 0;
			shellPath = /bin/sh;
			shellScript = "\"${SRCROOT}/Pods/Target Support Files/Pods-BullShitUITests/Pods-BullShitUITests-frameworks.sh\"\n";
			showEnvVarsInLog = 0;
		};
		622EAF54CBB6E9945D6B947B /* [CP] Embed Pods Frameworks */ = {
			isa = PBXShellScriptBuildPhase;
			buildActionMask = 2147483647;
			files = (
			);
			inputPaths = (
			);
			name = "[CP] Embed Pods Frameworks";
			outputPaths = (
			);
			runOnlyForDeploymentPostprocessing = 0;
			shellPath = /bin/sh;
			shellScript = "\"${SRCROOT}/Pods/Target Support Files/Pods-BullShit/Pods-BullShit-frameworks.sh\"\n";
			showEnvVarsInLog = 0;
		};
		6CD44321AE4CB8B8B0195E9C /* [CP] Check Pods Manifest.lock */ = {
			isa = PBXShellScriptBuildPhase;
			buildActionMask = 2147483647;
			files = (
			);
			inputPaths = (
			);
			name = "[CP] Check Pods Manifest.lock";
			outputPaths = (
			);
			runOnlyForDeploymentPostprocessing = 0;
			shellPath = /bin/sh;
			shellScript = "diff \"${PODS_PODFILE_DIR_PATH}/Podfile.lock\" \"${PODS_ROOT}/Manifest.lock\" > /dev/null\nif [ $? != 0 ] ; then\n    # print error to STDERR\n    echo \"error: The sandbox is not in sync with the Podfile.lock. Run 'pod install' or update your CocoaPods installation.\" >&2\n    exit 1\nfi\n";
			showEnvVarsInLog = 0;
		};
		70717CE82D501A578D237781 /* [CP] Check Pods Manifest.lock */ = {
			isa = PBXShellScriptBuildPhase;
			buildActionMask = 2147483647;
			files = (
			);
			inputPaths = (
			);
			name = "[CP] Check Pods Manifest.lock";
			outputPaths = (
			);
			runOnlyForDeploymentPostprocessing = 0;
			shellPath = /bin/sh;
			shellScript = "diff \"${PODS_PODFILE_DIR_PATH}/Podfile.lock\" \"${PODS_ROOT}/Manifest.lock\" > /dev/null\nif [ $? != 0 ] ; then\n    # print error to STDERR\n    echo \"error: The sandbox is not in sync with the Podfile.lock. Run 'pod install' or update your CocoaPods installation.\" >&2\n    exit 1\nfi\n";
			showEnvVarsInLog = 0;
		};
		85B31E4DD24345FEC8706D47 /* [CP] Copy Pods Resources */ = {
			isa = PBXShellScriptBuildPhase;
			buildActionMask = 2147483647;
			files = (
			);
			inputPaths = (
			);
			name = "[CP] Copy Pods Resources";
			outputPaths = (
			);
			runOnlyForDeploymentPostprocessing = 0;
			shellPath = /bin/sh;
			shellScript = "\"${SRCROOT}/Pods/Target Support Files/Pods-BullShit/Pods-BullShit-resources.sh\"\n";
			showEnvVarsInLog = 0;
		};
		8BBB21C0235A88114631E145 /* [CP] Copy Pods Resources */ = {
			isa = PBXShellScriptBuildPhase;
			buildActionMask = 2147483647;
			files = (
			);
			inputPaths = (
			);
			name = "[CP] Copy Pods Resources";
			outputPaths = (
			);
			runOnlyForDeploymentPostprocessing = 0;
			shellPath = /bin/sh;
			shellScript = "\"${SRCROOT}/Pods/Target Support Files/Pods-BullShitUITests/Pods-BullShitUITests-resources.sh\"\n";
			showEnvVarsInLog = 0;
		};
		C50950448525F4977358DC3A /* [CP] Copy Pods Resources */ = {
			isa = PBXShellScriptBuildPhase;
			buildActionMask = 2147483647;
			files = (
			);
			inputPaths = (
			);
			name = "[CP] Copy Pods Resources";
			outputPaths = (
			);
			runOnlyForDeploymentPostprocessing = 0;
			shellPath = /bin/sh;
			shellScript = "\"${SRCROOT}/Pods/Target Support Files/Pods-BullShitTests/Pods-BullShitTests-resources.sh\"\n";
			showEnvVarsInLog = 0;
		};
		CFAEB3C0E9A8607DB072B761 /* [CP] Embed Pods Frameworks */ = {
			isa = PBXShellScriptBuildPhase;
			buildActionMask = 2147483647;
			files = (
			);
			inputPaths = (
			);
			name = "[CP] Embed Pods Frameworks";
			outputPaths = (
			);
			runOnlyForDeploymentPostprocessing = 0;
			shellPath = /bin/sh;
			shellScript = "\"${SRCROOT}/Pods/Target Support Files/Pods-BullShitTests/Pods-BullShitTests-frameworks.sh\"\n";
			showEnvVarsInLog = 0;
		};
		E9CB3D7498CEE673DCF19360 /* [CP] Check Pods Manifest.lock */ = {
			isa = PBXShellScriptBuildPhase;
			buildActionMask = 2147483647;
			files = (
			);
			inputPaths = (
			);
			name = "[CP] Check Pods Manifest.lock";
			outputPaths = (
			);
			runOnlyForDeploymentPostprocessing = 0;
			shellPath = /bin/sh;
			shellScript = "diff \"${PODS_PODFILE_DIR_PATH}/Podfile.lock\" \"${PODS_ROOT}/Manifest.lock\" > /dev/null\nif [ $? != 0 ] ; then\n    # print error to STDERR\n    echo \"error: The sandbox is not in sync with the Podfile.lock. Run 'pod install' or update your CocoaPods installation.\" >&2\n    exit 1\nfi\n";
			showEnvVarsInLog = 0;
		};
/* End PBXShellScriptBuildPhase section */

/* Begin PBXSourcesBuildPhase section */
		8665ADD91F0F2D8100611B66 /* Sources */ = {
			isa = PBXSourcesBuildPhase;
			buildActionMask = 2147483647;
			files = (
				F4899B1E1F3565FE004414B6 /* LoginSignUpViewController.swift in Sources */,
				8688B3751F0F44A000568B4F /* Referenceable.swift in Sources */,
				F4899B221F35661B004414B6 /* AMInputView.swift in Sources */,
				F4CA28411F39FCED00ED6858 /* ResetPasswordViewController.swift in Sources */,
				F4CA28421F39FCED00ED6858 /* SignUpNextNameViewController.swift in Sources */,
				8688B3761F0F44A000568B4F /* Salada.swift in Sources */,
				8688B3771F0F44A000568B4F /* Salada+Datasource.swift in Sources */,
				F4CA283D1F39FCBD00ED6858 /* Video.swift in Sources */,
				8665ADE31F0F2D8100611B66 /* TestViewController.swift in Sources */,
				F4CD59121F17A78500B1B562 /* test.swift in Sources */,
				F4CA283C1F39FCBD00ED6858 /* Item.swift in Sources */,
				F4CA283B1F39FCBD00ED6858 /* GobalFile.swift in Sources */,
				F4CA283E1F39FCBD00ED6858 /* Comment.swift in Sources */,
				8665ADE11F0F2D8100611B66 /* AppDelegate.swift in Sources */,
				F4CA28391F39FCBD00ED6858 /* User.swift in Sources */,
				8688B3781F0F44A000568B4F /* Salada+Relation.swift in Sources */,
				F4CA283A1F39FCBD00ED6858 /* Room.swift in Sources */,
			);
			runOnlyForDeploymentPostprocessing = 0;
		};
		8665ADED1F0F2D8200611B66 /* Sources */ = {
			isa = PBXSourcesBuildPhase;
			buildActionMask = 2147483647;
			files = (
				8665ADF61F0F2D8200611B66 /* BullShitTests.swift in Sources */,
			);
			runOnlyForDeploymentPostprocessing = 0;
		};
		8665ADF81F0F2D8200611B66 /* Sources */ = {
			isa = PBXSourcesBuildPhase;
			buildActionMask = 2147483647;
			files = (
				8665AE011F0F2D8200611B66 /* BullShitUITests.swift in Sources */,
			);
			runOnlyForDeploymentPostprocessing = 0;
		};
/* End PBXSourcesBuildPhase section */

/* Begin PBXTargetDependency section */
		8665ADF31F0F2D8200611B66 /* PBXTargetDependency */ = {
			isa = PBXTargetDependency;
			target = 8665ADDC1F0F2D8100611B66 /* BullShit */;
			targetProxy = 8665ADF21F0F2D8200611B66 /* PBXContainerItemProxy */;
		};
		8665ADFE1F0F2D8200611B66 /* PBXTargetDependency */ = {
			isa = PBXTargetDependency;
			target = 8665ADDC1F0F2D8100611B66 /* BullShit */;
			targetProxy = 8665ADFD1F0F2D8200611B66 /* PBXContainerItemProxy */;
		};
/* End PBXTargetDependency section */

/* Begin PBXVariantGroup section */
		8665ADE41F0F2D8100611B66 /* Main.storyboard */ = {
			isa = PBXVariantGroup;
			children = (
				8665ADE51F0F2D8100611B66 /* Base */,
			);
			name = Main.storyboard;
			sourceTree = "<group>";
		};
		8665ADE91F0F2D8200611B66 /* LaunchScreen.storyboard */ = {
			isa = PBXVariantGroup;
			children = (
				8665ADEA1F0F2D8200611B66 /* Base */,
			);
			name = LaunchScreen.storyboard;
			sourceTree = "<group>";
		};
/* End PBXVariantGroup section */

/* Begin XCBuildConfiguration section */
		8665AE031F0F2D8200611B66 /* Debug */ = {
			isa = XCBuildConfiguration;
			buildSettings = {
				ALWAYS_SEARCH_USER_PATHS = NO;
				CLANG_ANALYZER_NONNULL = YES;
				CLANG_ANALYZER_NUMBER_OBJECT_CONVERSION = YES_AGGRESSIVE;
				CLANG_CXX_LANGUAGE_STANDARD = "gnu++0x";
				CLANG_CXX_LIBRARY = "libc++";
				CLANG_ENABLE_MODULES = YES;
				CLANG_ENABLE_OBJC_ARC = YES;
				CLANG_WARN_BOOL_CONVERSION = YES;
				CLANG_WARN_CONSTANT_CONVERSION = YES;
				CLANG_WARN_DIRECT_OBJC_ISA_USAGE = YES_ERROR;
				CLANG_WARN_DOCUMENTATION_COMMENTS = YES;
				CLANG_WARN_EMPTY_BODY = YES;
				CLANG_WARN_ENUM_CONVERSION = YES;
				CLANG_WARN_INFINITE_RECURSION = YES;
				CLANG_WARN_INT_CONVERSION = YES;
				CLANG_WARN_OBJC_ROOT_CLASS = YES_ERROR;
				CLANG_WARN_SUSPICIOUS_MOVE = YES;
				CLANG_WARN_UNREACHABLE_CODE = YES;
				CLANG_WARN__DUPLICATE_METHOD_MATCH = YES;
				"CODE_SIGN_IDENTITY[sdk=iphoneos*]" = "iPhone Developer";
				COPY_PHASE_STRIP = NO;
				DEBUG_INFORMATION_FORMAT = dwarf;
				ENABLE_STRICT_OBJC_MSGSEND = YES;
				ENABLE_TESTABILITY = YES;
				GCC_C_LANGUAGE_STANDARD = gnu99;
				GCC_DYNAMIC_NO_PIC = NO;
				GCC_NO_COMMON_BLOCKS = YES;
				GCC_OPTIMIZATION_LEVEL = 0;
				GCC_PREPROCESSOR_DEFINITIONS = (
					"DEBUG=1",
					"$(inherited)",
				);
				GCC_WARN_64_TO_32_BIT_CONVERSION = YES;
				GCC_WARN_ABOUT_RETURN_TYPE = YES_ERROR;
				GCC_WARN_UNDECLARED_SELECTOR = YES;
				GCC_WARN_UNINITIALIZED_AUTOS = YES_AGGRESSIVE;
				GCC_WARN_UNUSED_FUNCTION = YES;
				GCC_WARN_UNUSED_VARIABLE = YES;
				IPHONEOS_DEPLOYMENT_TARGET = 10.3;
				MTL_ENABLE_DEBUG_INFO = YES;
				ONLY_ACTIVE_ARCH = YES;
				SDKROOT = iphoneos;
				SWIFT_ACTIVE_COMPILATION_CONDITIONS = DEBUG;
				SWIFT_OPTIMIZATION_LEVEL = "-Onone";
				TARGETED_DEVICE_FAMILY = "1,2";
			};
			name = Debug;
		};
		8665AE041F0F2D8200611B66 /* Release */ = {
			isa = XCBuildConfiguration;
			buildSettings = {
				ALWAYS_SEARCH_USER_PATHS = NO;
				CLANG_ANALYZER_NONNULL = YES;
				CLANG_ANALYZER_NUMBER_OBJECT_CONVERSION = YES_AGGRESSIVE;
				CLANG_CXX_LANGUAGE_STANDARD = "gnu++0x";
				CLANG_CXX_LIBRARY = "libc++";
				CLANG_ENABLE_MODULES = YES;
				CLANG_ENABLE_OBJC_ARC = YES;
				CLANG_WARN_BOOL_CONVERSION = YES;
				CLANG_WARN_CONSTANT_CONVERSION = YES;
				CLANG_WARN_DIRECT_OBJC_ISA_USAGE = YES_ERROR;
				CLANG_WARN_DOCUMENTATION_COMMENTS = YES;
				CLANG_WARN_EMPTY_BODY = YES;
				CLANG_WARN_ENUM_CONVERSION = YES;
				CLANG_WARN_INFINITE_RECURSION = YES;
				CLANG_WARN_INT_CONVERSION = YES;
				CLANG_WARN_OBJC_ROOT_CLASS = YES_ERROR;
				CLANG_WARN_SUSPICIOUS_MOVE = YES;
				CLANG_WARN_UNREACHABLE_CODE = YES;
				CLANG_WARN__DUPLICATE_METHOD_MATCH = YES;
				"CODE_SIGN_IDENTITY[sdk=iphoneos*]" = "iPhone Developer";
				COPY_PHASE_STRIP = NO;
				DEBUG_INFORMATION_FORMAT = "dwarf-with-dsym";
				ENABLE_NS_ASSERTIONS = NO;
				ENABLE_STRICT_OBJC_MSGSEND = YES;
				GCC_C_LANGUAGE_STANDARD = gnu99;
				GCC_NO_COMMON_BLOCKS = YES;
				GCC_WARN_64_TO_32_BIT_CONVERSION = YES;
				GCC_WARN_ABOUT_RETURN_TYPE = YES_ERROR;
				GCC_WARN_UNDECLARED_SELECTOR = YES;
				GCC_WARN_UNINITIALIZED_AUTOS = YES_AGGRESSIVE;
				GCC_WARN_UNUSED_FUNCTION = YES;
				GCC_WARN_UNUSED_VARIABLE = YES;
				IPHONEOS_DEPLOYMENT_TARGET = 10.3;
				MTL_ENABLE_DEBUG_INFO = NO;
				SDKROOT = iphoneos;
				SWIFT_OPTIMIZATION_LEVEL = "-Owholemodule";
				TARGETED_DEVICE_FAMILY = "1,2";
				VALIDATE_PRODUCT = YES;
			};
			name = Release;
		};
		8665AE061F0F2D8200611B66 /* Debug */ = {
			isa = XCBuildConfiguration;
			baseConfigurationReference = AE515D3BFD29876BF1385C8B /* Pods-BullShit.debug.xcconfig */;
			buildSettings = {
				ASSETCATALOG_COMPILER_APPICON_NAME = AppIcon;
				DEVELOPMENT_TEAM = PH9N93JXP3;
				INFOPLIST_FILE = BullShit/Info.plist;
				LD_RUNPATH_SEARCH_PATHS = "$(inherited) @executable_path/Frameworks";
				PRODUCT_BUNDLE_IDENTIFIER = knockinc.com.BullShit;
				PRODUCT_NAME = "$(TARGET_NAME)";
				SWIFT_VERSION = 3.0;
			};
			name = Debug;
		};
		8665AE071F0F2D8200611B66 /* Release */ = {
			isa = XCBuildConfiguration;
			baseConfigurationReference = 5F04E59C6625441084CCDBB7 /* Pods-BullShit.release.xcconfig */;
			buildSettings = {
				ASSETCATALOG_COMPILER_APPICON_NAME = AppIcon;
				DEVELOPMENT_TEAM = PH9N93JXP3;
				INFOPLIST_FILE = BullShit/Info.plist;
				LD_RUNPATH_SEARCH_PATHS = "$(inherited) @executable_path/Frameworks";
				PRODUCT_BUNDLE_IDENTIFIER = knockinc.com.BullShit;
				PRODUCT_NAME = "$(TARGET_NAME)";
				SWIFT_VERSION = 3.0;
			};
			name = Release;
		};
		8665AE091F0F2D8200611B66 /* Debug */ = {
			isa = XCBuildConfiguration;
			baseConfigurationReference = 09F88446782D23E03122692A /* Pods-BullShitTests.debug.xcconfig */;
			buildSettings = {
				ALWAYS_EMBED_SWIFT_STANDARD_LIBRARIES = YES;
				BUNDLE_LOADER = "$(TEST_HOST)";
				DEVELOPMENT_TEAM = PH9N93JXP3;
				INFOPLIST_FILE = BullShitTests/Info.plist;
				LD_RUNPATH_SEARCH_PATHS = "$(inherited) @executable_path/Frameworks @loader_path/Frameworks";
				PRODUCT_BUNDLE_IDENTIFIER = knockinc.com.BullShitTests;
				PRODUCT_NAME = "$(TARGET_NAME)";
				SWIFT_VERSION = 3.0;
				TEST_HOST = "$(BUILT_PRODUCTS_DIR)/BullShit.app/BullShit";
			};
			name = Debug;
		};
		8665AE0A1F0F2D8200611B66 /* Release */ = {
			isa = XCBuildConfiguration;
			baseConfigurationReference = E23C03AB86674EC47769990B /* Pods-BullShitTests.release.xcconfig */;
			buildSettings = {
				ALWAYS_EMBED_SWIFT_STANDARD_LIBRARIES = YES;
				BUNDLE_LOADER = "$(TEST_HOST)";
				DEVELOPMENT_TEAM = PH9N93JXP3;
				INFOPLIST_FILE = BullShitTests/Info.plist;
				LD_RUNPATH_SEARCH_PATHS = "$(inherited) @executable_path/Frameworks @loader_path/Frameworks";
				PRODUCT_BUNDLE_IDENTIFIER = knockinc.com.BullShitTests;
				PRODUCT_NAME = "$(TARGET_NAME)";
				SWIFT_VERSION = 3.0;
				TEST_HOST = "$(BUILT_PRODUCTS_DIR)/BullShit.app/BullShit";
			};
			name = Release;
		};
		8665AE0C1F0F2D8200611B66 /* Debug */ = {
			isa = XCBuildConfiguration;
			baseConfigurationReference = C54F2D5091E2ABD8C785EB44 /* Pods-BullShitUITests.debug.xcconfig */;
			buildSettings = {
				ALWAYS_EMBED_SWIFT_STANDARD_LIBRARIES = YES;
				DEVELOPMENT_TEAM = PH9N93JXP3;
				INFOPLIST_FILE = BullShitUITests/Info.plist;
				LD_RUNPATH_SEARCH_PATHS = "$(inherited) @executable_path/Frameworks @loader_path/Frameworks";
				PRODUCT_BUNDLE_IDENTIFIER = knockinc.com.BullShitUITests;
				PRODUCT_NAME = "$(TARGET_NAME)";
				SWIFT_VERSION = 3.0;
				TEST_TARGET_NAME = BullShit;
			};
			name = Debug;
		};
		8665AE0D1F0F2D8200611B66 /* Release */ = {
			isa = XCBuildConfiguration;
			baseConfigurationReference = F3768E669F2C6F9B0E188626 /* Pods-BullShitUITests.release.xcconfig */;
			buildSettings = {
				ALWAYS_EMBED_SWIFT_STANDARD_LIBRARIES = YES;
				DEVELOPMENT_TEAM = PH9N93JXP3;
				INFOPLIST_FILE = BullShitUITests/Info.plist;
				LD_RUNPATH_SEARCH_PATHS = "$(inherited) @executable_path/Frameworks @loader_path/Frameworks";
				PRODUCT_BUNDLE_IDENTIFIER = knockinc.com.BullShitUITests;
				PRODUCT_NAME = "$(TARGET_NAME)";
				SWIFT_VERSION = 3.0;
				TEST_TARGET_NAME = BullShit;
			};
			name = Release;
		};
/* End XCBuildConfiguration section */

/* Begin XCConfigurationList section */
		8665ADD81F0F2D8100611B66 /* Build configuration list for PBXProject "BullShit" */ = {
			isa = XCConfigurationList;
			buildConfigurations = (
				8665AE031F0F2D8200611B66 /* Debug */,
				8665AE041F0F2D8200611B66 /* Release */,
			);
			defaultConfigurationIsVisible = 0;
			defaultConfigurationName = Release;
		};
		8665AE051F0F2D8200611B66 /* Build configuration list for PBXNativeTarget "BullShit" */ = {
			isa = XCConfigurationList;
			buildConfigurations = (
				8665AE061F0F2D8200611B66 /* Debug */,
				8665AE071F0F2D8200611B66 /* Release */,
			);
			defaultConfigurationIsVisible = 0;
			defaultConfigurationName = Release;
		};
		8665AE081F0F2D8200611B66 /* Build configuration list for PBXNativeTarget "BullShitTests" */ = {
			isa = XCConfigurationList;
			buildConfigurations = (
				8665AE091F0F2D8200611B66 /* Debug */,
				8665AE0A1F0F2D8200611B66 /* Release */,
			);
			defaultConfigurationIsVisible = 0;
			defaultConfigurationName = Release;
		};
		8665AE0B1F0F2D8200611B66 /* Build configuration list for PBXNativeTarget "BullShitUITests" */ = {
			isa = XCConfigurationList;
			buildConfigurations = (
				8665AE0C1F0F2D8200611B66 /* Debug */,
				8665AE0D1F0F2D8200611B66 /* Release */,
			);
			defaultConfigurationIsVisible = 0;
			defaultConfigurationName = Release;
		};
/* End XCConfigurationList section */
	};
	rootObject = 8665ADD51F0F2D8100611B66 /* Project object */;
}
